// !$*UTF8*$!
{
	archiveVersion = 1;
	classes = {
	};
	objectVersion = 50;
	objects = {

/* Begin PBXBuildFile section */
		06A87CAE218D0183003DFAB3 /* main.cpp in Sources */ = {isa = PBXBuildFile; fileRef = 06A87CAA218D0183003DFAB3 /* main.cpp */; };
		06A87CAF218D0183003DFAB3 /* company.cpp in Sources */ = {isa = PBXBuildFile; fileRef = 06A87CAB218D0183003DFAB3 /* company.cpp */; };
		06A87CB0218D0183003DFAB3 /* node.cpp in Sources */ = {isa = PBXBuildFile; fileRef = 06A87CAC218D0183003DFAB3 /* node.cpp */; };
		06A87CB1218D0183003DFAB3 /* database.cpp in Sources */ = {isa = PBXBuildFile; fileRef = 06A87CAD218D0183003DFAB3 /* database.cpp */; };
/* End PBXBuildFile section */

/* Begin PBXCopyFilesBuildPhase section */
		06A87C9E218CFFDA003DFAB3 /* CopyFiles */ = {
			isa = PBXCopyFilesBuildPhase;
			buildActionMask = 2147483647;
			dstPath = /usr/share/man/man1/;
			dstSubfolderSpec = 0;
			files = (
			);
			runOnlyForDeploymentPostprocessing = 1;
		};
/* End PBXCopyFilesBuildPhase section */

/* Begin PBXFileReference section */
		06A87CA0218CFFDA003DFAB3 /* DatabaseNew */ = {isa = PBXFileReference; explicitFileType = "compiled.mach-o.executable"; includeInIndex = 0; path = DatabaseNew; sourceTree = BUILT_PRODUCTS_DIR; };
		06A87CAA218D0183003DFAB3 /* main.cpp */ = {isa = PBXFileReference; fileEncoding = 4; lastKnownFileType = sourcecode.cpp.cpp; path = main.cpp; sourceTree = "<group>"; };
		06A87CAB218D0183003DFAB3 /* company.cpp */ = {isa = PBXFileReference; fileEncoding = 4; lastKnownFileType = sourcecode.cpp.cpp; path = company.cpp; sourceTree = "<group>"; };
		06A87CAC218D0183003DFAB3 /* node.cpp */ = {isa = PBXFileReference; fileEncoding = 4; lastKnownFileType = sourcecode.cpp.cpp; path = node.cpp; sourceTree = "<group>"; };
		06A87CAD218D0183003DFAB3 /* database.cpp */ = {isa = PBXFileReference; fileEncoding = 4; lastKnownFileType = sourcecode.cpp.cpp; path = database.cpp; sourceTree = "<group>"; };
		06A87CB2218D018D003DFAB3 /* database.h */ = {isa = PBXFileReference; lastKnownFileType = sourcecode.c.h; path = database.h; sourceTree = "<group>"; };
		06A87CB3218D018D003DFAB3 /* node.h */ = {isa = PBXFileReference; lastKnownFileType = sourcecode.c.h; path = node.h; sourceTree = "<group>"; };
		06A87CB4218D018D003DFAB3 /* company.h */ = {isa = PBXFileReference; lastKnownFileType = sourcecode.c.h; path = company.h; sourceTree = "<group>"; };
/* End PBXFileReference section */

/* Begin PBXFrameworksBuildPhase section */
		06A87C9D218CFFDA003DFAB3 /* Frameworks */ = {
			isa = PBXFrameworksBuildPhase;
			buildActionMask = 2147483647;
			files = (
			);
			runOnlyForDeploymentPostprocessing = 0;
		};
/* End PBXFrameworksBuildPhase section */

/* Begin PBXGroup section */
		06A87C97218CFFDA003DFAB3 = {
			isa = PBXGroup;
			children = (
				06A87CA2218CFFDA003DFAB3 /* DatabaseNew */,
				06A87CA1218CFFDA003DFAB3 /* Products */,
			);
			sourceTree = "<group>";
		};
		06A87CA1218CFFDA003DFAB3 /* Products */ = {
			isa = PBXGroup;
			children = (
				06A87CA0218CFFDA003DFAB3 /* DatabaseNew */,
			);
			name = Products;
			sourceTree = "<group>";
		};
		06A87CA2218CFFDA003DFAB3 /* DatabaseNew */ = {
			isa = PBXGroup;
			children = (
				06A87CB4218D018D003DFAB3 /* company.h */,
				06A87CB2218D018D003DFAB3 /* database.h */,
				06A87CB3218D018D003DFAB3 /* node.h */,
				06A87CAB218D0183003DFAB3 /* company.cpp */,
				06A87CAD218D0183003DFAB3 /* database.cpp */,
				06A87CAA218D0183003DFAB3 /* main.cpp */,
				06A87CAC218D0183003DFAB3 /* node.cpp */,
			);
			path = DatabaseNew;
			sourceTree = "<group>";
		};
/* End PBXGroup section */

/* Begin PBXNativeTarget section */
		06A87C9F218CFFDA003DFAB3 /* DatabaseNew */ = {
			isa = PBXNativeTarget;
			buildConfigurationList = 06A87CA7218CFFDA003DFAB3 /* Build configuration list for PBXNativeTarget "DatabaseNew" */;
			buildPhases = (
				06A87C9C218CFFDA003DFAB3 /* Sources */,
				06A87C9D218CFFDA003DFAB3 /* Frameworks */,
				06A87C9E218CFFDA003DFAB3 /* CopyFiles */,
			);
			buildRules = (
			);
			dependencies = (
			);
			name = DatabaseNew;
			productName = DatabaseNew;
			productReference = 06A87CA0218CFFDA003DFAB3 /* DatabaseNew */;
			productType = "com.apple.product-type.tool";
		};
/* End PBXNativeTarget section */

/* Begin PBXProject section */
		06A87C98218CFFDA003DFAB3 /* Project object */ = {
			isa = PBXProject;
			attributes = {
				LastUpgradeCheck = 0930;
				ORGANIZATIONNAME = "Santa Clara University";
				TargetAttributes = {
					06A87C9F218CFFDA003DFAB3 = {
						CreatedOnToolsVersion = 9.3;
					};
				};
			};
			buildConfigurationList = 06A87C9B218CFFDA003DFAB3 /* Build configuration list for PBXProject "DatabaseNew" */;
			compatibilityVersion = "Xcode 9.3";
			developmentRegion = en;
			hasScannedForEncodings = 0;
			knownRegions = (
				en,
			);
			mainGroup = 06A87C97218CFFDA003DFAB3;
			productRefGroup = 06A87CA1218CFFDA003DFAB3 /* Products */;
			projectDirPath = "";
			projectRoot = "";
			targets = (
				06A87C9F218CFFDA003DFAB3 /* DatabaseNew */,
			);
		};
/* End PBXProject section */

/* Begin PBXSourcesBuildPhase section */
		06A87C9C218CFFDA003DFAB3 /* Sources */ = {
			isa = PBXSourcesBuildPhase;
			buildActionMask = 2147483647;
			files = (
				06A87CB0218D0183003DFAB3 /* node.cpp in Sources */,
				06A87CAE218D0183003DFAB3 /* main.cpp in Sources */,
				06A87CAF218D0183003DFAB3 /* company.cpp in Sources */,
				06A87CB1218D0183003DFAB3 /* database.cpp in Sources */,
			);
			runOnlyForDeploymentPostprocessing = 0;
		};
/* End PBXSourcesBuildPhase section */

/* Begin XCBuildConfiguration section */
		06A87CA5218CFFDA003DFAB3 /* Debug */ = {
			isa = XCBuildConfiguration;
			buildSettings = {
				ALWAYS_SEARCH_USER_PATHS = NO;
				CLANG_ANALYZER_NONNULL = YES;
				CLANG_ANALYZER_NUMBER_OBJECT_CONVERSION = YES_AGGRESSIVE;
				CLANG_CXX_LANGUAGE_STANDARD = "gnu++14";
				CLANG_CXX_LIBRARY = "libc++";
				CLANG_ENABLE_MODULES = YES;
				CLANG_ENABLE_OBJC_ARC = YES;
				CLANG_ENABLE_OBJC_WEAK = YES;
				CLANG_WARN_BLOCK_CAPTURE_AUTORELEASING = YES;
				CLANG_WARN_BOOL_CONVERSION = YES;
				CLANG_WARN_COMMA = YES;
				CLANG_WARN_CONSTANT_CONVERSION = YES;
				CLANG_WARN_DEPRECATED_OBJC_IMPLEMENTATIONS = YES;
				CLANG_WARN_DIRECT_OBJC_ISA_USAGE = YES_ERROR;
				CLANG_WARN_DOCUMENTATION_COMMENTS = YES;
				CLANG_WARN_EMPTY_BODY = YES;
				CLANG_WARN_ENUM_CONVERSION = YES;
				CLANG_WARN_INFINITE_RECURSION = YES;
				CLANG_WARN_INT_CONVERSION = YES;
				CLANG_WARN_NON_LITERAL_NULL_CONVERSION = YES;
				CLANG_WARN_OBJC_IMPLICIT_RETAIN_SELF = YES;
				CLANG_WARN_OBJC_LITERAL_CONVERSION = YES;
				CLANG_WARN_OBJC_ROOT_CLASS = YES_ERROR;
				CLANG_WARN_RANGE_LOOP_ANALYSIS = YES;
				CLANG_WARN_STRICT_PROTOTYPES = YES;
				CLANG_WARN_SUSPICIOUS_MOVE = YES;
				CLANG_WARN_UNGUARDED_AVAILABILITY = YES_AGGRESSIVE;
				CLANG_WARN_UNREACHABLE_CODE = YES;
				CLANG_WARN__DUPLICATE_METHOD_MATCH = YES;
				CODE_SIGN_IDENTITY = "-";
				COPY_PHASE_STRIP = NO;
				DEBUG_INFORMATION_FORMAT = dwarf;
				ENABLE_STRICT_OBJC_MSGSEND = YES;
				ENABLE_TESTABILITY = YES;
				GCC_C_LANGUAGE_STANDARD = gnu11;
				GCC_DYNAMIC_NO_PIC = NO;
				GCC_NO_COMMON_BLOCKS = YES;
				GCC_OPTIMIZATION_LEVEL = 0;
				GCC_PREPROCESSOR_DEFINITIONS = (
					"DEBUG=1",
					"$(inherited)",
				);
				GCC_WARN_64_TO_32_BIT_CONVERSION = YES;
				GCC_WARN_ABOUT_RETURN_TYPE = YES_ERROR;
				GCC_WARN_UNDECLARED_SELECTOR = YES;
				GCC_WARN_UNINITIALIZED_AUTOS = YES_AGGRESSIVE;
				GCC_WARN_UNUSED_FUNCTION = YES;
				GCC_WARN_UNUSED_VARIABLE = YES;
				MACOSX_DEPLOYMENT_TARGET = 10.13;
				MTL_ENABLE_DEBUG_INFO = YES;
				ONLY_ACTIVE_ARCH = YES;
				SDKROOT = macosx;
			};
			name = Debug;
		};
		06A87CA6218CFFDA003DFAB3 /* Release */ = {
			isa = XCBuildConfiguration;
			buildSettings = {
				ALWAYS_SEARCH_USER_PATHS = NO;
				CLANG_ANALYZER_NONNULL = YES;
				CLANG_ANALYZER_NUMBER_OBJECT_CONVERSION = YES_AGGRESSIVE;
				CLANG_CXX_LANGUAGE_STANDARD = "gnu++14";
				CLANG_CXX_LIBRARY = "libc++";
				CLANG_ENABLE_MODULES = YES;
				CLANG_ENABLE_OBJC_ARC = YES;
				CLANG_ENABLE_OBJC_WEAK = YES;
				CLANG_WARN_BLOCK_CAPTURE_AUTORELEASING = YES;
				CLANG_WARN_BOOL_CONVERSION = YES;
				CLANG_WARN_COMMA = YES;
				CLANG_WARN_CONSTANT_CONVERSION = YES;
				CLANG_WARN_DEPRECATED_OBJC_IMPLEMENTATIONS = YES;
				CLANG_WARN_DIRECT_OBJC_ISA_USAGE = YES_ERROR;
				CLANG_WARN_DOCUMENTATION_COMMENTS = YES;
				CLANG_WARN_EMPTY_BODY = YES;
				CLANG_WARN_ENUM_CONVERSION = YES;
				CLANG_WARN_INFINITE_RECURSION = YES;
				CLANG_WARN_INT_CONVERSION = YES;
				CLANG_WARN_NON_LITERAL_NULL_CONVERSION = YES;
				CLANG_WARN_OBJC_IMPLICIT_RETAIN_SELF = YES;
				CLANG_WARN_OBJC_LITERAL_CONVERSION = YES;
				CLANG_WARN_OBJC_ROOT_CLASS = YES_ERROR;
				CLANG_WARN_RANGE_LOOP_ANALYSIS = YES;
				CLANG_WARN_STRICT_PROTOTYPES = YES;
				CLANG_WARN_SUSPICIOUS_MOVE = YES;
				CLANG_WARN_UNGUARDED_AVAILABILITY = YES_AGGRESSIVE;
				CLANG_WARN_UNREACHABLE_CODE = YES;
				CLANG_WARN__DUPLICATE_METHOD_MATCH = YES;
				CODE_SIGN_IDENTITY = "-";
				COPY_PHASE_STRIP = NO;
				DEBUG_INFORMATION_FORMAT = "dwarf-with-dsym";
				ENABLE_NS_ASSERTIONS = NO;
				ENABLE_STRICT_OBJC_MSGSEND = YES;
				GCC_C_LANGUAGE_STANDARD = gnu11;
				GCC_NO_COMMON_BLOCKS = YES;
				GCC_WARN_64_TO_32_BIT_CONVERSION = YES;
				GCC_WARN_ABOUT_RETURN_TYPE = YES_ERROR;
				GCC_WARN_UNDECLARED_SELECTOR = YES;
				GCC_WARN_UNINITIALIZED_AUTOS = YES_AGGRESSIVE;
				GCC_WARN_UNUSED_FUNCTION = YES;
				GCC_WARN_UNUSED_VARIABLE = YES;
				MACOSX_DEPLOYMENT_TARGET = 10.13;
				MTL_ENABLE_DEBUG_INFO = NO;
				SDKROOT = macosx;
			};
			name = Release;
		};
		06A87CA8218CFFDA003DFAB3 /* Debug */ = {
			isa = XCBuildConfiguration;
			buildSettings = {
				CODE_SIGN_STYLE = Automatic;
				PRODUCT_NAME = "$(TARGET_NAME)";
			};
			name = Debug;
		};
		06A87CA9218CFFDA003DFAB3 /* Release */ = {
			isa = XCBuildConfiguration;
			buildSettings = {
				CODE_SIGN_STYLE = Automatic;
				PRODUCT_NAME = "$(TARGET_NAME)";
			};
			name = Release;
		};
/* End XCBuildConfiguration section */

/* Begin XCConfigurationList section */
		06A87C9B218CFFDA003DFAB3 /* Build configuration list for PBXProject "DatabaseNew" */ = {
			isa = XCConfigurationList;
			buildConfigurations = (
				06A87CA5218CFFDA003DFAB3 /* Debug */,
				06A87CA6218CFFDA003DFAB3 /* Release */,
			);
			defaultConfigurationIsVisible = 0;
			defaultConfigurationName = Release;
		};
		06A87CA7218CFFDA003DFAB3 /* Build configuration list for PBXNativeTarget "DatabaseNew" */ = {
			isa = XCConfigurationList;
			buildConfigurations = (
				06A87CA8218CFFDA003DFAB3 /* Debug */,
				06A87CA9218CFFDA003DFAB3 /* Release */,
			);
			defaultConfigurationIsVisible = 0;
			defaultConfigurationName = Release;
		};
/* End XCConfigurationList section */
	};
	rootObject = 06A87C98218CFFDA003DFAB3 /* Project object */;
}
